// !$*UTF8*$!
{
	archiveVersion = 1;
	classes = {
	};
	objectVersion = 55;
	objects = {

/* Begin PBXBuildFile section */
		CAB6261CFC66B396F9E13FD4 /* libPods-MoviesApp.a in Frameworks */ = {isa = PBXBuildFile; fileRef = CCE711F4DBEDFC8EE91B26E9 /* libPods-MoviesApp.a */; };
		D91D368A2748111B0029E49A /* AppDelegate.swift in Sources */ = {isa = PBXBuildFile; fileRef = D91D36892748111B0029E49A /* AppDelegate.swift */; };
		D91D36932748111C0029E49A /* Assets.xcassets in Resources */ = {isa = PBXBuildFile; fileRef = D91D36922748111C0029E49A /* Assets.xcassets */; };
		D91D36962748111C0029E49A /* LaunchScreen.storyboard in Resources */ = {isa = PBXBuildFile; fileRef = D91D36942748111C0029E49A /* LaunchScreen.storyboard */; };
		D92C252A274937A8002C84A8 /* FirebaseService.swift in Sources */ = {isa = PBXBuildFile; fileRef = D92C2529274937A8002C84A8 /* FirebaseService.swift */; };
		D92C252C27493A9A002C84A8 /* GoogleService-Info.plist in Resources */ = {isa = PBXBuildFile; fileRef = D92C252B27493A9A002C84A8 /* GoogleService-Info.plist */; };
		D92C252F27493B05002C84A8 /* Info.swift in Sources */ = {isa = PBXBuildFile; fileRef = D92C252E27493B05002C84A8 /* Info.swift */; };
		D92C253227493D48002C84A8 /* MessageType.swift in Sources */ = {isa = PBXBuildFile; fileRef = D92C253127493D48002C84A8 /* MessageType.swift */; };
		D9591EC727484E9900503378 /* BaseTableView.swift in Sources */ = {isa = PBXBuildFile; fileRef = D9591EC627484E9900503378 /* BaseTableView.swift */; };
		D9591EC927484ECE00503378 /* BaseTableViewCell.swift in Sources */ = {isa = PBXBuildFile; fileRef = D9591EC827484ECE00503378 /* BaseTableViewCell.swift */; };
		D9591ECB27484F9E00503378 /* BaseTableViewHeader.swift in Sources */ = {isa = PBXBuildFile; fileRef = D9591ECA27484F9E00503378 /* BaseTableViewHeader.swift */; };
		D9591ED02748517200503378 /* BaseTableViewHasHeader.swift in Sources */ = {isa = PBXBuildFile; fileRef = D9591ECF2748517200503378 /* BaseTableViewHasHeader.swift */; };
		D9591ED32748519600503378 /* BaseLayout.swift in Sources */ = {isa = PBXBuildFile; fileRef = D9591ED22748519600503378 /* BaseLayout.swift */; };
		D9D2D9252748150800ED2094 /* BaseNavigationController.swift in Sources */ = {isa = PBXBuildFile; fileRef = D9D2D9242748150800ED2094 /* BaseNavigationController.swift */; };
		D9D2D9272748152B00ED2094 /* BaseController.swift in Sources */ = {isa = PBXBuildFile; fileRef = D9D2D9262748152B00ED2094 /* BaseController.swift */; };
		D9D2D92A2748157400ED2094 /* Extensions.swift in Sources */ = {isa = PBXBuildFile; fileRef = D9D2D9292748157400ED2094 /* Extensions.swift */; };
		D9D2D92C274815AE00ED2094 /* Device.swift in Sources */ = {isa = PBXBuildFile; fileRef = D9D2D92B274815AE00ED2094 /* Device.swift */; };
		D9D2D92F27481B9F00ED2094 /* BaseControllerLayout.swift in Sources */ = {isa = PBXBuildFile; fileRef = D9D2D92E27481B9F00ED2094 /* BaseControllerLayout.swift */; };
		D9D2D93127481C6A00ED2094 /* MainNavigationController.swift in Sources */ = {isa = PBXBuildFile; fileRef = D9D2D93027481C6A00ED2094 /* MainNavigationController.swift */; };
		D9D2D93627481D0B00ED2094 /* DetailController.swift in Sources */ = {isa = PBXBuildFile; fileRef = D9D2D93527481D0B00ED2094 /* DetailController.swift */; };
		D9D2D93827481D7F00ED2094 /* SplashController.swift in Sources */ = {isa = PBXBuildFile; fileRef = D9D2D93727481D7F00ED2094 /* SplashController.swift */; };
		D9D2D93A27481D9100ED2094 /* SplashLayout.swift in Sources */ = {isa = PBXBuildFile; fileRef = D9D2D93927481D9100ED2094 /* SplashLayout.swift */; };
		D9D2D93C2748225400ED2094 /* HomeController.swift in Sources */ = {isa = PBXBuildFile; fileRef = D9D2D93B2748225400ED2094 /* HomeController.swift */; };
		D9D2D93E2748227B00ED2094 /* HomeLayout.swift in Sources */ = {isa = PBXBuildFile; fileRef = D9D2D93D2748227B00ED2094 /* HomeLayout.swift */; };
		D9D2D940274822B200ED2094 /* DetailLayout.swift in Sources */ = {isa = PBXBuildFile; fileRef = D9D2D93F274822B200ED2094 /* DetailLayout.swift */; };
/* End PBXBuildFile section */

/* Begin PBXFileReference section */
		45E0829A77C7CE9054E2727D /* Pods-MoviesApp.release.xcconfig */ = {isa = PBXFileReference; includeInIndex = 1; lastKnownFileType = text.xcconfig; name = "Pods-MoviesApp.release.xcconfig"; path = "Target Support Files/Pods-MoviesApp/Pods-MoviesApp.release.xcconfig"; sourceTree = "<group>"; };
		4D61E5EC22396AFFEA9216E0 /* Pods-MoviesApp.debug.xcconfig */ = {isa = PBXFileReference; includeInIndex = 1; lastKnownFileType = text.xcconfig; name = "Pods-MoviesApp.debug.xcconfig"; path = "Target Support Files/Pods-MoviesApp/Pods-MoviesApp.debug.xcconfig"; sourceTree = "<group>"; };
		CCE711F4DBEDFC8EE91B26E9 /* libPods-MoviesApp.a */ = {isa = PBXFileReference; explicitFileType = archive.ar; includeInIndex = 0; path = "libPods-MoviesApp.a"; sourceTree = BUILT_PRODUCTS_DIR; };
		D91D36862748111B0029E49A /* MoviesApp.app */ = {isa = PBXFileReference; explicitFileType = wrapper.application; includeInIndex = 0; path = MoviesApp.app; sourceTree = BUILT_PRODUCTS_DIR; };
		D91D36892748111B0029E49A /* AppDelegate.swift */ = {isa = PBXFileReference; lastKnownFileType = sourcecode.swift; path = AppDelegate.swift; sourceTree = "<group>"; };
		D91D36922748111C0029E49A /* Assets.xcassets */ = {isa = PBXFileReference; lastKnownFileType = folder.assetcatalog; path = Assets.xcassets; sourceTree = "<group>"; };
		D91D36952748111C0029E49A /* Base */ = {isa = PBXFileReference; lastKnownFileType = file.storyboard; name = Base; path = Base.lproj/LaunchScreen.storyboard; sourceTree = "<group>"; };
		D91D36972748111C0029E49A /* Info.plist */ = {isa = PBXFileReference; lastKnownFileType = text.plist.xml; path = Info.plist; sourceTree = "<group>"; };
		D92C2529274937A8002C84A8 /* FirebaseService.swift */ = {isa = PBXFileReference; lastKnownFileType = sourcecode.swift; path = FirebaseService.swift; sourceTree = "<group>"; };
		D92C252B27493A9A002C84A8 /* GoogleService-Info.plist */ = {isa = PBXFileReference; fileEncoding = 4; lastKnownFileType = text.plist.xml; path = "GoogleService-Info.plist"; sourceTree = "<group>"; };
		D92C252E27493B05002C84A8 /* Info.swift */ = {isa = PBXFileReference; lastKnownFileType = sourcecode.swift; path = Info.swift; sourceTree = "<group>"; };
		D92C253127493D48002C84A8 /* MessageType.swift */ = {isa = PBXFileReference; lastKnownFileType = sourcecode.swift; path = MessageType.swift; sourceTree = "<group>"; };
		D9591EC627484E9900503378 /* BaseTableView.swift */ = {isa = PBXFileReference; lastKnownFileType = sourcecode.swift; path = BaseTableView.swift; sourceTree = "<group>"; };
		D9591EC827484ECE00503378 /* BaseTableViewCell.swift */ = {isa = PBXFileReference; lastKnownFileType = sourcecode.swift; path = BaseTableViewCell.swift; sourceTree = "<group>"; };
		D9591ECA27484F9E00503378 /* BaseTableViewHeader.swift */ = {isa = PBXFileReference; lastKnownFileType = sourcecode.swift; path = BaseTableViewHeader.swift; sourceTree = "<group>"; };
		D9591ECF2748517200503378 /* BaseTableViewHasHeader.swift */ = {isa = PBXFileReference; lastKnownFileType = sourcecode.swift; path = BaseTableViewHasHeader.swift; sourceTree = "<group>"; };
		D9591ED22748519600503378 /* BaseLayout.swift */ = {isa = PBXFileReference; lastKnownFileType = sourcecode.swift; path = BaseLayout.swift; sourceTree = "<group>"; };
		D9D2D9242748150800ED2094 /* BaseNavigationController.swift */ = {isa = PBXFileReference; lastKnownFileType = sourcecode.swift; path = BaseNavigationController.swift; sourceTree = "<group>"; };
		D9D2D9262748152B00ED2094 /* BaseController.swift */ = {isa = PBXFileReference; lastKnownFileType = sourcecode.swift; path = BaseController.swift; sourceTree = "<group>"; };
		D9D2D9292748157400ED2094 /* Extensions.swift */ = {isa = PBXFileReference; lastKnownFileType = sourcecode.swift; path = Extensions.swift; sourceTree = "<group>"; };
		D9D2D92B274815AE00ED2094 /* Device.swift */ = {isa = PBXFileReference; lastKnownFileType = sourcecode.swift; path = Device.swift; sourceTree = "<group>"; };
		D9D2D92E27481B9F00ED2094 /* BaseControllerLayout.swift */ = {isa = PBXFileReference; lastKnownFileType = sourcecode.swift; path = BaseControllerLayout.swift; sourceTree = "<group>"; };
		D9D2D93027481C6A00ED2094 /* MainNavigationController.swift */ = {isa = PBXFileReference; lastKnownFileType = sourcecode.swift; path = MainNavigationController.swift; sourceTree = "<group>"; };
		D9D2D93527481D0B00ED2094 /* DetailController.swift */ = {isa = PBXFileReference; lastKnownFileType = sourcecode.swift; path = DetailController.swift; sourceTree = "<group>"; };
		D9D2D93727481D7F00ED2094 /* SplashController.swift */ = {isa = PBXFileReference; lastKnownFileType = sourcecode.swift; path = SplashController.swift; sourceTree = "<group>"; };
		D9D2D93927481D9100ED2094 /* SplashLayout.swift */ = {isa = PBXFileReference; lastKnownFileType = sourcecode.swift; path = SplashLayout.swift; sourceTree = "<group>"; };
		D9D2D93B2748225400ED2094 /* HomeController.swift */ = {isa = PBXFileReference; lastKnownFileType = sourcecode.swift; path = HomeController.swift; sourceTree = "<group>"; };
		D9D2D93D2748227B00ED2094 /* HomeLayout.swift */ = {isa = PBXFileReference; lastKnownFileType = sourcecode.swift; path = HomeLayout.swift; sourceTree = "<group>"; };
		D9D2D93F274822B200ED2094 /* DetailLayout.swift */ = {isa = PBXFileReference; lastKnownFileType = sourcecode.swift; path = DetailLayout.swift; sourceTree = "<group>"; };
/* End PBXFileReference section */

/* Begin PBXFrameworksBuildPhase section */
		D91D36832748111B0029E49A /* Frameworks */ = {
			isa = PBXFrameworksBuildPhase;
			buildActionMask = 2147483647;
			files = (
				CAB6261CFC66B396F9E13FD4 /* libPods-MoviesApp.a in Frameworks */,
			);
			runOnlyForDeploymentPostprocessing = 0;
		};
/* End PBXFrameworksBuildPhase section */

/* Begin PBXGroup section */
		59A039AA4EDA270592EE9772 /* Frameworks */ = {
			isa = PBXGroup;
			children = (
				CCE711F4DBEDFC8EE91B26E9 /* libPods-MoviesApp.a */,
			);
			name = Frameworks;
			sourceTree = "<group>";
		};
		79CE4C48C0D378ED95BF2DF4 /* Pods */ = {
			isa = PBXGroup;
			children = (
				4D61E5EC22396AFFEA9216E0 /* Pods-MoviesApp.debug.xcconfig */,
				45E0829A77C7CE9054E2727D /* Pods-MoviesApp.release.xcconfig */,
			);
			path = Pods;
			sourceTree = "<group>";
		};
		D91D367D2748111B0029E49A = {
			isa = PBXGroup;
			children = (
				D91D36882748111B0029E49A /* MoviesApp */,
				D91D36872748111B0029E49A /* Products */,
				79CE4C48C0D378ED95BF2DF4 /* Pods */,
				59A039AA4EDA270592EE9772 /* Frameworks */,
			);
			sourceTree = "<group>";
		};
		D91D36872748111B0029E49A /* Products */ = {
			isa = PBXGroup;
			children = (
				D91D36862748111B0029E49A /* MoviesApp.app */,
			);
			name = Products;
			sourceTree = "<group>";
		};
		D91D36882748111B0029E49A /* MoviesApp */ = {
			isa = PBXGroup;
			children = (
				D92C252D27493AFA002C84A8 /* models */,
				D92C25282749379E002C84A8 /* service */,
				D9D2D922274814D400ED2094 /* base */,
				D9D2D923274814D800ED2094 /* ui */,
				D9D2D9282748156400ED2094 /* util */,
				D91D36892748111B0029E49A /* AppDelegate.swift */,
				D91D36922748111C0029E49A /* Assets.xcassets */,
				D91D36972748111C0029E49A /* Info.plist */,
				D91D36942748111C0029E49A /* LaunchScreen.storyboard */,
				D92C252B27493A9A002C84A8 /* GoogleService-Info.plist */,
			);
			path = MoviesApp;
			sourceTree = "<group>";
		};
		D92C25282749379E002C84A8 /* service */ = {
			isa = PBXGroup;
			children = (
				D92C2529274937A8002C84A8 /* FirebaseService.swift */,
			);
			path = service;
			sourceTree = "<group>";
		};
		D92C252D27493AFA002C84A8 /* models */ = {
			isa = PBXGroup;
			children = (
				D92C253027493D3B002C84A8 /* enums */,
				D92C252E27493B05002C84A8 /* Info.swift */,
			);
			path = models;
			sourceTree = "<group>";
		};
		D92C253027493D3B002C84A8 /* enums */ = {
			isa = PBXGroup;
			children = (
				D92C253127493D48002C84A8 /* MessageType.swift */,
			);
			path = enums;
			sourceTree = "<group>";
		};
		D9591ECE2748515E00503378 /* tableView */ = {
			isa = PBXGroup;
			children = (
				D9591EC627484E9900503378 /* BaseTableView.swift */,
				D9591EC827484ECE00503378 /* BaseTableViewCell.swift */,
				D9591ECA27484F9E00503378 /* BaseTableViewHeader.swift */,
				D9591ECF2748517200503378 /* BaseTableViewHasHeader.swift */,
			);
			path = tableView;
			sourceTree = "<group>";
		};
		D9591ED12748518E00503378 /* layout */ = {
			isa = PBXGroup;
			children = (
				D9D2D92E27481B9F00ED2094 /* BaseControllerLayout.swift */,
				D9591ED22748519600503378 /* BaseLayout.swift */,
			);
			path = layout;
			sourceTree = "<group>";
		};
		D9591ED42748532B00503378 /* controller */ = {
			isa = PBXGroup;
			children = (
				D9D2D9262748152B00ED2094 /* BaseController.swift */,
				D9D2D9242748150800ED2094 /* BaseNavigationController.swift */,
			);
			path = controller;
			sourceTree = "<group>";
		};
		D9D2D922274814D400ED2094 /* base */ = {
			isa = PBXGroup;
			children = (
				D9591ED42748532B00503378 /* controller */,
				D9591ED12748518E00503378 /* layout */,
				D9591ECE2748515E00503378 /* tableView */,
			);
			path = base;
			sourceTree = "<group>";
		};
		D9D2D923274814D800ED2094 /* ui */ = {
			isa = PBXGroup;
			children = (
				D9D2D93427481CE500ED2094 /* detail */,
				D9D2D93327481CD600ED2094 /* home */,
				D9D2D93227481CD100ED2094 /* splash */,
				D9D2D93027481C6A00ED2094 /* MainNavigationController.swift */,
			);
			path = ui;
			sourceTree = "<group>";
		};
		D9D2D9282748156400ED2094 /* util */ = {
			isa = PBXGroup;
			children = (
				D9D2D9292748157400ED2094 /* Extensions.swift */,
				D9D2D92B274815AE00ED2094 /* Device.swift */,
			);
			path = util;
			sourceTree = "<group>";
		};
		D9D2D93227481CD100ED2094 /* splash */ = {
			isa = PBXGroup;
			children = (
				D9D2D93727481D7F00ED2094 /* SplashController.swift */,
				D9D2D93927481D9100ED2094 /* SplashLayout.swift */,
			);
			path = splash;
			sourceTree = "<group>";
		};
		D9D2D93327481CD600ED2094 /* home */ = {
			isa = PBXGroup;
			children = (
				D9D2D93B2748225400ED2094 /* HomeController.swift */,
				D9D2D93D2748227B00ED2094 /* HomeLayout.swift */,
			);
			path = home;
			sourceTree = "<group>";
		};
		D9D2D93427481CE500ED2094 /* detail */ = {
			isa = PBXGroup;
			children = (
				D9D2D93527481D0B00ED2094 /* DetailController.swift */,
				D9D2D93F274822B200ED2094 /* DetailLayout.swift */,
			);
			path = detail;
			sourceTree = "<group>";
		};
/* End PBXGroup section */

/* Begin PBXNativeTarget section */
		D91D36852748111B0029E49A /* MoviesApp */ = {
			isa = PBXNativeTarget;
			buildConfigurationList = D91D369A2748111C0029E49A /* Build configuration list for PBXNativeTarget "MoviesApp" */;
			buildPhases = (
				20804AA35F825BB2020C75B2 /* [CP] Check Pods Manifest.lock */,
				D91D36822748111B0029E49A /* Sources */,
				D91D36832748111B0029E49A /* Frameworks */,
				D91D36842748111B0029E49A /* Resources */,
			);
			buildRules = (
			);
			dependencies = (
			);
			name = MoviesApp;
			productName = MoviesApp;
			productReference = D91D36862748111B0029E49A /* MoviesApp.app */;
			productType = "com.apple.product-type.application";
		};
/* End PBXNativeTarget section */

/* Begin PBXProject section */
		D91D367E2748111B0029E49A /* Project object */ = {
			isa = PBXProject;
			attributes = {
				BuildIndependentTargetsInParallel = 1;
				LastSwiftUpdateCheck = 1300;
				LastUpgradeCheck = 1300;
				TargetAttributes = {
					D91D36852748111B0029E49A = {
						CreatedOnToolsVersion = 13.0;
					};
				};
			};
			buildConfigurationList = D91D36812748111B0029E49A /* Build configuration list for PBXProject "MoviesApp" */;
			compatibilityVersion = "Xcode 13.0";
			developmentRegion = en;
			hasScannedForEncodings = 0;
			knownRegions = (
				en,
				Base,
			);
			mainGroup = D91D367D2748111B0029E49A;
			productRefGroup = D91D36872748111B0029E49A /* Products */;
			projectDirPath = "";
			projectRoot = "";
			targets = (
				D91D36852748111B0029E49A /* MoviesApp */,
			);
		};
/* End PBXProject section */

/* Begin PBXResourcesBuildPhase section */
		D91D36842748111B0029E49A /* Resources */ = {
			isa = PBXResourcesBuildPhase;
			buildActionMask = 2147483647;
			files = (
				D91D36962748111C0029E49A /* LaunchScreen.storyboard in Resources */,
				D91D36932748111C0029E49A /* Assets.xcassets in Resources */,
				D92C252C27493A9A002C84A8 /* GoogleService-Info.plist in Resources */,
			);
			runOnlyForDeploymentPostprocessing = 0;
		};
/* End PBXResourcesBuildPhase section */

/* Begin PBXShellScriptBuildPhase section */
		20804AA35F825BB2020C75B2 /* [CP] Check Pods Manifest.lock */ = {
			isa = PBXShellScriptBuildPhase;
			buildActionMask = 2147483647;
			files = (
			);
			inputFileListPaths = (
			);
			inputPaths = (
				"${PODS_PODFILE_DIR_PATH}/Podfile.lock",
				"${PODS_ROOT}/Manifest.lock",
			);
			name = "[CP] Check Pods Manifest.lock";
			outputFileListPaths = (
			);
			outputPaths = (
				"$(DERIVED_FILE_DIR)/Pods-MoviesApp-checkManifestLockResult.txt",
			);
			runOnlyForDeploymentPostprocessing = 0;
			shellPath = /bin/sh;
			shellScript = "diff \"${PODS_PODFILE_DIR_PATH}/Podfile.lock\" \"${PODS_ROOT}/Manifest.lock\" > /dev/null\nif [ $? != 0 ] ; then\n    # print error to STDERR\n    echo \"error: The sandbox is not in sync with the Podfile.lock. Run 'pod install' or update your CocoaPods installation.\" >&2\n    exit 1\nfi\n# This output is used by Xcode 'outputs' to avoid re-running this script phase.\necho \"SUCCESS\" > \"${SCRIPT_OUTPUT_FILE_0}\"\n";
			showEnvVarsInLog = 0;
		};
/* End PBXShellScriptBuildPhase section */

/* Begin PBXSourcesBuildPhase section */
		D91D36822748111B0029E49A /* Sources */ = {
			isa = PBXSourcesBuildPhase;
			buildActionMask = 2147483647;
			files = (
				D92C253227493D48002C84A8 /* MessageType.swift in Sources */,
				D92C252F27493B05002C84A8 /* Info.swift in Sources */,
				D92C252A274937A8002C84A8 /* FirebaseService.swift in Sources */,
				D9591EC927484ECE00503378 /* BaseTableViewCell.swift in Sources */,
				D9D2D93A27481D9100ED2094 /* SplashLayout.swift in Sources */,
				D9D2D92A2748157400ED2094 /* Extensions.swift in Sources */,
				D9D2D93127481C6A00ED2094 /* MainNavigationController.swift in Sources */,
				D9591ECB27484F9E00503378 /* BaseTableViewHeader.swift in Sources */,
				D9591EC727484E9900503378 /* BaseTableView.swift in Sources */,
				D91D368A2748111B0029E49A /* AppDelegate.swift in Sources */,
				D9D2D93827481D7F00ED2094 /* SplashController.swift in Sources */,
				D9D2D940274822B200ED2094 /* DetailLayout.swift in Sources */,
				D9D2D92C274815AE00ED2094 /* Device.swift in Sources */,
				D9591ED32748519600503378 /* BaseLayout.swift in Sources */,
				D9D2D93E2748227B00ED2094 /* HomeLayout.swift in Sources */,
				D9D2D9272748152B00ED2094 /* BaseController.swift in Sources */,
				D9D2D93C2748225400ED2094 /* HomeController.swift in Sources */,
				D9D2D92F27481B9F00ED2094 /* BaseControllerLayout.swift in Sources */,
				D9591ED02748517200503378 /* BaseTableViewHasHeader.swift in Sources */,
				D9D2D93627481D0B00ED2094 /* DetailController.swift in Sources */,
				D9D2D9252748150800ED2094 /* BaseNavigationController.swift in Sources */,
			);
			runOnlyForDeploymentPostprocessing = 0;
		};
/* End PBXSourcesBuildPhase section */

/* Begin PBXVariantGroup section */
		D91D36942748111C0029E49A /* LaunchScreen.storyboard */ = {
			isa = PBXVariantGroup;
			children = (
				D91D36952748111C0029E49A /* Base */,
			);
			name = LaunchScreen.storyboard;
			sourceTree = "<group>";
		};
/* End PBXVariantGroup section */

/* Begin XCBuildConfiguration section */
		D91D36982748111C0029E49A /* Debug */ = {
			isa = XCBuildConfiguration;
			buildSettings = {
				ALWAYS_SEARCH_USER_PATHS = NO;
				CLANG_ANALYZER_NONNULL = YES;
				CLANG_ANALYZER_NUMBER_OBJECT_CONVERSION = YES_AGGRESSIVE;
				CLANG_CXX_LANGUAGE_STANDARD = "gnu++17";
				CLANG_CXX_LIBRARY = "libc++";
				CLANG_ENABLE_MODULES = YES;
				CLANG_ENABLE_OBJC_ARC = YES;
				CLANG_ENABLE_OBJC_WEAK = YES;
				CLANG_WARN_BLOCK_CAPTURE_AUTORELEASING = YES;
				CLANG_WARN_BOOL_CONVERSION = YES;
				CLANG_WARN_COMMA = YES;
				CLANG_WARN_CONSTANT_CONVERSION = YES;
				CLANG_WARN_DEPRECATED_OBJC_IMPLEMENTATIONS = YES;
				CLANG_WARN_DIRECT_OBJC_ISA_USAGE = YES_ERROR;
				CLANG_WARN_DOCUMENTATION_COMMENTS = YES;
				CLANG_WARN_EMPTY_BODY = YES;
				CLANG_WARN_ENUM_CONVERSION = YES;
				CLANG_WARN_INFINITE_RECURSION = YES;
				CLANG_WARN_INT_CONVERSION = YES;
				CLANG_WARN_NON_LITERAL_NULL_CONVERSION = YES;
				CLANG_WARN_OBJC_IMPLICIT_RETAIN_SELF = YES;
				CLANG_WARN_OBJC_LITERAL_CONVERSION = YES;
				CLANG_WARN_OBJC_ROOT_CLASS = YES_ERROR;
				CLANG_WARN_QUOTED_INCLUDE_IN_FRAMEWORK_HEADER = YES;
				CLANG_WARN_RANGE_LOOP_ANALYSIS = YES;
				CLANG_WARN_STRICT_PROTOTYPES = YES;
				CLANG_WARN_SUSPICIOUS_MOVE = YES;
				CLANG_WARN_UNGUARDED_AVAILABILITY = YES_AGGRESSIVE;
				CLANG_WARN_UNREACHABLE_CODE = YES;
				CLANG_WARN__DUPLICATE_METHOD_MATCH = YES;
				COPY_PHASE_STRIP = NO;
				DEBUG_INFORMATION_FORMAT = dwarf;
				ENABLE_STRICT_OBJC_MSGSEND = YES;
				ENABLE_TESTABILITY = YES;
				GCC_C_LANGUAGE_STANDARD = gnu11;
				GCC_DYNAMIC_NO_PIC = NO;
				GCC_NO_COMMON_BLOCKS = YES;
				GCC_OPTIMIZATION_LEVEL = 0;
				GCC_PREPROCESSOR_DEFINITIONS = (
					"DEBUG=1",
					"$(inherited)",
				);
				GCC_WARN_64_TO_32_BIT_CONVERSION = YES;
				GCC_WARN_ABOUT_RETURN_TYPE = YES_ERROR;
				GCC_WARN_UNDECLARED_SELECTOR = YES;
				GCC_WARN_UNINITIALIZED_AUTOS = YES_AGGRESSIVE;
				GCC_WARN_UNUSED_FUNCTION = YES;
				GCC_WARN_UNUSED_VARIABLE = YES;
				IPHONEOS_DEPLOYMENT_TARGET = 15.0;
				MTL_ENABLE_DEBUG_INFO = INCLUDE_SOURCE;
				MTL_FAST_MATH = YES;
				ONLY_ACTIVE_ARCH = YES;
				SDKROOT = iphoneos;
				SWIFT_ACTIVE_COMPILATION_CONDITIONS = DEBUG;
				SWIFT_OPTIMIZATION_LEVEL = "-Onone";
			};
			name = Debug;
		};
		D91D36992748111C0029E49A /* Release */ = {
			isa = XCBuildConfiguration;
			buildSettings = {
				ALWAYS_SEARCH_USER_PATHS = NO;
				CLANG_ANALYZER_NONNULL = YES;
				CLANG_ANALYZER_NUMBER_OBJECT_CONVERSION = YES_AGGRESSIVE;
				CLANG_CXX_LANGUAGE_STANDARD = "gnu++17";
				CLANG_CXX_LIBRARY = "libc++";
				CLANG_ENABLE_MODULES = YES;
				CLANG_ENABLE_OBJC_ARC = YES;
				CLANG_ENABLE_OBJC_WEAK = YES;
				CLANG_WARN_BLOCK_CAPTURE_AUTORELEASING = YES;
				CLANG_WARN_BOOL_CONVERSION = YES;
				CLANG_WARN_COMMA = YES;
				CLANG_WARN_CONSTANT_CONVERSION = YES;
				CLANG_WARN_DEPRECATED_OBJC_IMPLEMENTATIONS = YES;
				CLANG_WARN_DIRECT_OBJC_ISA_USAGE = YES_ERROR;
				CLANG_WARN_DOCUMENTATION_COMMENTS = YES;
				CLANG_WARN_EMPTY_BODY = YES;
				CLANG_WARN_ENUM_CONVERSION = YES;
				CLANG_WARN_INFINITE_RECURSION = YES;
				CLANG_WARN_INT_CONVERSION = YES;
				CLANG_WARN_NON_LITERAL_NULL_CONVERSION = YES;
				CLANG_WARN_OBJC_IMPLICIT_RETAIN_SELF = YES;
				CLANG_WARN_OBJC_LITERAL_CONVERSION = YES;
				CLANG_WARN_OBJC_ROOT_CLASS = YES_ERROR;
				CLANG_WARN_QUOTED_INCLUDE_IN_FRAMEWORK_HEADER = YES;
				CLANG_WARN_RANGE_LOOP_ANALYSIS = YES;
				CLANG_WARN_STRICT_PROTOTYPES = YES;
				CLANG_WARN_SUSPICIOUS_MOVE = YES;
				CLANG_WARN_UNGUARDED_AVAILABILITY = YES_AGGRESSIVE;
				CLANG_WARN_UNREACHABLE_CODE = YES;
				CLANG_WARN__DUPLICATE_METHOD_MATCH = YES;
				COPY_PHASE_STRIP = NO;
				DEBUG_INFORMATION_FORMAT = "dwarf-with-dsym";
				ENABLE_NS_ASSERTIONS = NO;
				ENABLE_STRICT_OBJC_MSGSEND = YES;
				GCC_C_LANGUAGE_STANDARD = gnu11;
				GCC_NO_COMMON_BLOCKS = YES;
				GCC_WARN_64_TO_32_BIT_CONVERSION = YES;
				GCC_WARN_ABOUT_RETURN_TYPE = YES_ERROR;
				GCC_WARN_UNDECLARED_SELECTOR = YES;
				GCC_WARN_UNINITIALIZED_AUTOS = YES_AGGRESSIVE;
				GCC_WARN_UNUSED_FUNCTION = YES;
				GCC_WARN_UNUSED_VARIABLE = YES;
				IPHONEOS_DEPLOYMENT_TARGET = 15.0;
				MTL_ENABLE_DEBUG_INFO = NO;
				MTL_FAST_MATH = YES;
				SDKROOT = iphoneos;
				SWIFT_COMPILATION_MODE = wholemodule;
				SWIFT_OPTIMIZATION_LEVEL = "-O";
				VALIDATE_PRODUCT = YES;
			};
			name = Release;
		};
		D91D369B2748111C0029E49A /* Debug */ = {
			isa = XCBuildConfiguration;
			baseConfigurationReference = 4D61E5EC22396AFFEA9216E0 /* Pods-MoviesApp.debug.xcconfig */;
			buildSettings = {
				ASSETCATALOG_COMPILER_APPICON_NAME = AppIcon;
				ASSETCATALOG_COMPILER_GLOBAL_ACCENT_COLOR_NAME = AccentColor;
				CODE_SIGN_STYLE = Automatic;
				CURRENT_PROJECT_VERSION = 1;
				DEVELOPMENT_TEAM = H2XVNP2779;
				GENERATE_INFOPLIST_FILE = YES;
				INFOPLIST_FILE = MoviesApp/Info.plist;
				INFOPLIST_KEY_UIApplicationSupportsIndirectInputEvents = YES;
				INFOPLIST_KEY_UILaunchStoryboardName = LaunchScreen;
				INFOPLIST_KEY_UISupportedInterfaceOrientations_iPad = "UIInterfaceOrientationPortrait UIInterfaceOrientationPortraitUpsideDown UIInterfaceOrientationLandscapeLeft UIInterfaceOrientationLandscapeRight";
				INFOPLIST_KEY_UISupportedInterfaceOrientations_iPhone = "UIInterfaceOrientationPortrait UIInterfaceOrientationLandscapeLeft UIInterfaceOrientationLandscapeRight";
				IPHONEOS_DEPLOYMENT_TARGET = 12.0;
				LD_RUNPATH_SEARCH_PATHS = (
					"$(inherited)",
					"@executable_path/Frameworks",
				);
				MARKETING_VERSION = 1.0;
				PRODUCT_BUNDLE_IDENTIFIER = com.example.MoviesApp;
				PRODUCT_NAME = "$(TARGET_NAME)";
				SWIFT_EMIT_LOC_STRINGS = YES;
				SWIFT_VERSION = 5.0;
				TARGETED_DEVICE_FAMILY = "1,2";
			};
			name = Debug;
		};
		D91D369C2748111C0029E49A /* Release */ = {
			isa = XCBuildConfiguration;
			baseConfigurationReference = 45E0829A77C7CE9054E2727D /* Pods-MoviesApp.release.xcconfig */;
			buildSettings = {
				ASSETCATALOG_COMPILER_APPICON_NAME = AppIcon;
				ASSETCATALOG_COMPILER_GLOBAL_ACCENT_COLOR_NAME = AccentColor;
				CODE_SIGN_STYLE = Automatic;
				CURRENT_PROJECT_VERSION = 1;
				DEVELOPMENT_TEAM = H2XVNP2779;
				GENERATE_INFOPLIST_FILE = YES;
				INFOPLIST_FILE = MoviesApp/Info.plist;
				INFOPLIST_KEY_UIApplicationSupportsIndirectInputEvents = YES;
				INFOPLIST_KEY_UILaunchStoryboardName = LaunchScreen;
				INFOPLIST_KEY_UISupportedInterfaceOrientations_iPad = "UIInterfaceOrientationPortrait UIInterfaceOrientationPortraitUpsideDown UIInterfaceOrientationLandscapeLeft UIInterfaceOrientationLandscapeRight";
				INFOPLIST_KEY_UISupportedInterfaceOrientations_iPhone = "UIInterfaceOrientationPortrait UIInterfaceOrientationLandscapeLeft UIInterfaceOrientationLandscapeRight";
				IPHONEOS_DEPLOYMENT_TARGET = 12.0;
				LD_RUNPATH_SEARCH_PATHS = (
					"$(inherited)",
					"@executable_path/Frameworks",
				);
				MARKETING_VERSION = 1.0;
				PRODUCT_BUNDLE_IDENTIFIER = com.example.MoviesApp;
				PRODUCT_NAME = "$(TARGET_NAME)";
				SWIFT_EMIT_LOC_STRINGS = YES;
				SWIFT_VERSION = 5.0;
				TARGETED_DEVICE_FAMILY = "1,2";
			};
			name = Release;
		};
/* End XCBuildConfiguration section */

/* Begin XCConfigurationList section */
		D91D36812748111B0029E49A /* Build configuration list for PBXProject "MoviesApp" */ = {
			isa = XCConfigurationList;
			buildConfigurations = (
				D91D36982748111C0029E49A /* Debug */,
				D91D36992748111C0029E49A /* Release */,
			);
			defaultConfigurationIsVisible = 0;
			defaultConfigurationName = Release;
		};
		D91D369A2748111C0029E49A /* Build configuration list for PBXNativeTarget "MoviesApp" */ = {
			isa = XCConfigurationList;
			buildConfigurations = (
				D91D369B2748111C0029E49A /* Debug */,
				D91D369C2748111C0029E49A /* Release */,
			);
			defaultConfigurationIsVisible = 0;
			defaultConfigurationName = Release;
		};
/* End XCConfigurationList section */
	};
	rootObject = D91D367E2748111B0029E49A /* Project object */;
}
